
Microsoft Visual Studio Solution File, Format Version 12.00
# Visual Studio 2012
Project("{FAE04EC0-301F-11D3-BF4B-00C04F79EFBC}") = "S32PSave", "S32PSave\S32PSave.csproj", "{704EE7B4-A29B-4F50-A18E-31E8443D0065}"
EndProject
Project("{FAE04EC0-301F-11D3-BF4B-00C04F79EFBC}") = "test", "test\test.csproj", "{6C46FA33-F9E1-4BED-8283-03B61598FEFD}"
EndProject
Project("{2150E333-8FDC-42A3-9474-1A3956D46DE8}") = "Solution Items", "Solution Items", "{DB9BABC1-F772-4C39-A970-BB2103F14755}"
	ProjectSection(SolutionItems) = preProject
		Readme.md = Readme.md
	EndProjectSection
EndProject
Project("{FAE04EC0-301F-11D3-BF4B-00C04F79EFBC}") = "P9375", "P9375\P9375.csproj", "{894BA57C-D6B9-45FD-8E87-7DFBCBA69146}"
EndProject
Project("{FAE04EC0-301F-11D3-BF4B-00C04F79EFBC}") = "Demo", "Demo\Demo.csproj", "{564B225D-3B28-4DD2-890D-EC07AE07440C}"
EndProject
Project("{FAE04EC0-301F-11D3-BF4B-00C04F79EFBC}") = "wpfDemo", "wpfDemo\wpfDemo.csproj", "{04580A1C-96A9-4007-ACC6-CBAE39777D9D}"
EndProject
Project("{FAE04EC0-301F-11D3-BF4B-00C04F79EFBC}") = "MaterialDesign", "MaterialDesign\MaterialDesign.csproj", "{C9C09CF5-D986-4F12-945B-FD665A252791}"
EndProject
Global
	GlobalSection(SolutionConfigurationPlatforms) = preSolution
		Debug|Any CPU = Debug|Any CPU
		Debug|Mixed Platforms = Debug|Mixed Platforms
		Debug|x86 = Debug|x86
		Release|Any CPU = Release|Any CPU
		Release|Mixed Platforms = Release|Mixed Platforms
		Release|x86 = Release|x86
	EndGlobalSection
	GlobalSection(ProjectConfigurationPlatforms) = postSolution
		{704EE7B4-A29B-4F50-A18E-31E8443D0065}.Debug|Any CPU.ActiveCfg = Debug|Any CPU
		{704EE7B4-A29B-4F50-A18E-31E8443D0065}.Debug|Any CPU.Build.0 = Debug|Any CPU
		{704EE7B4-A29B-4F50-A18E-31E8443D0065}.Debug|Mixed Platforms.ActiveCfg = Debug|x86
		{704EE7B4-A29B-4F50-A18E-31E8443D0065}.Debug|Mixed Platforms.Build.0 = Debug|x86
		{704EE7B4-A29B-4F50-A18E-31E8443D0065}.Debug|x86.ActiveCfg = Debug|x86
		{704EE7B4-A29B-4F50-A18E-31E8443D0065}.Debug|x86.Build.0 = Debug|x86
		{704EE7B4-A29B-4F50-A18E-31E8443D0065}.Release|Any CPU.ActiveCfg = Release|Any CPU
		{704EE7B4-A29B-4F50-A18E-31E8443D0065}.Release|Any CPU.Build.0 = Release|Any CPU
		{704EE7B4-A29B-4F50-A18E-31E8443D0065}.Release|Mixed Platforms.ActiveCfg = Release|x86
		{704EE7B4-A29B-4F50-A18E-31E8443D0065}.Release|Mixed Platforms.Build.0 = Release|x86
		{704EE7B4-A29B-4F50-A18E-31E8443D0065}.Release|x86.ActiveCfg = Release|x86
		{704EE7B4-A29B-4F50-A18E-31E8443D0065}.Release|x86.Build.0 = Release|x86
		{6C46FA33-F9E1-4BED-8283-03B61598FEFD}.Debug|Any CPU.ActiveCfg = Debug|Any CPU
		{6C46FA33-F9E1-4BED-8283-03B61598FEFD}.Debug|Any CPU.Build.0 = Debug|Any CPU
		{6C46FA33-F9E1-4BED-8283-03B61598FEFD}.Debug|Mixed Platforms.ActiveCfg = Debug|x86
		{6C46FA33-F9E1-4BED-8283-03B61598FEFD}.Debug|Mixed Platforms.Build.0 = Debug|x86
		{6C46FA33-F9E1-4BED-8283-03B61598FEFD}.Debug|x86.ActiveCfg = Debug|Any CPU
		{6C46FA33-F9E1-4BED-8283-03B61598FEFD}.Release|Any CPU.ActiveCfg = Release|Any CPU
		{6C46FA33-F9E1-4BED-8283-03B61598FEFD}.Release|Any CPU.Build.0 = Release|Any CPU
		{6C46FA33-F9E1-4BED-8283-03B61598FEFD}.Release|Mixed Platforms.ActiveCfg = Release|Any CPU
		{6C46FA33-F9E1-4BED-8283-03B61598FEFD}.Release|Mixed Platforms.Build.0 = Release|Any CPU
		{6C46FA33-F9E1-4BED-8283-03B61598FEFD}.Release|x86.ActiveCfg = Release|Any CPU
		{894BA57C-D6B9-45FD-8E87-7DFBCBA69146}.Debug|Any CPU.ActiveCfg = Debug|Any CPU
		{894BA57C-D6B9-45FD-8E87-7DFBCBA69146}.Debug|Any CPU.Build.0 = Debug|Any CPU
		{894BA57C-D6B9-45FD-8E87-7DFBCBA69146}.Debug|Mixed Platforms.ActiveCfg = Debug|Any CPU
		{894BA57C-D6B9-45FD-8E87-7DFBCBA69146}.Debug|Mixed Platforms.Build.0 = Debug|Any CPU
		{894BA57C-D6B9-45FD-8E87-7DFBCBA69146}.Debug|x86.ActiveCfg = Debug|Any CPU
		{894BA57C-D6B9-45FD-8E87-7DFBCBA69146}.Release|Any CPU.ActiveCfg = Release|Any CPU
		{894BA57C-D6B9-45FD-8E87-7DFBCBA69146}.Release|Any CPU.Build.0 = Release|Any CPU
		{894BA57C-D6B9-45FD-8E87-7DFBCBA69146}.Release|Mixed Platforms.ActiveCfg = Release|Any CPU
		{894BA57C-D6B9-45FD-8E87-7DFBCBA69146}.Release|Mixed Platforms.Build.0 = Release|Any CPU
		{894BA57C-D6B9-45FD-8E87-7DFBCBA69146}.Release|x86.ActiveCfg = Release|Any CPU
		{564B225D-3B28-4DD2-890D-EC07AE07440C}.Debug|Any CPU.ActiveCfg = Debug|Any CPU
		{564B225D-3B28-4DD2-890D-EC07AE07440C}.Debug|Any CPU.Build.0 = Debug|Any CPU
		{564B225D-3B28-4DD2-890D-EC07AE07440C}.Debug|Mixed Platforms.ActiveCfg = Debug|Any CPU
		{564B225D-3B28-4DD2-890D-EC07AE07440C}.Debug|Mixed Platforms.Build.0 = Debug|Any CPU
		{564B225D-3B28-4DD2-890D-EC07AE07440C}.Debug|x86.ActiveCfg = Debug|Any CPU
		{564B225D-3B28-4DD2-890D-EC07AE07440C}.Release|Any CPU.ActiveCfg = Release|Any CPU
		{564B225D-3B28-4DD2-890D-EC07AE07440C}.Release|Any CPU.Build.0 = Release|Any CPU
		{564B225D-3B28-4DD2-890D-EC07AE07440C}.Release|Mixed Platforms.ActiveCfg = Release|Any CPU
		{564B225D-3B28-4DD2-890D-EC07AE07440C}.Release|Mixed Platforms.Build.0 = Release|Any CPU
		{564B225D-3B28-4DD2-890D-EC07AE07440C}.Release|x86.ActiveCfg = Release|Any CPU
		{04580A1C-96A9-4007-ACC6-CBAE39777D9D}.Debug|Any CPU.ActiveCfg = Debug|Any CPU
		{04580A1C-96A9-4007-ACC6-CBAE39777D9D}.Debug|Any CPU.Build.0 = Debug|Any CPU
		{04580A1C-96A9-4007-ACC6-CBAE39777D9D}.Debug|Mixed Platforms.ActiveCfg = Debug|Any CPU
		{04580A1C-96A9-4007-ACC6-CBAE39777D9D}.Debug|Mixed Platforms.Build.0 = Debug|Any CPU
		{04580A1C-96A9-4007-ACC6-CBAE39777D9D}.Debug|x86.ActiveCfg = Debug|Any CPU
		{04580A1C-96A9-4007-ACC6-CBAE39777D9D}.Release|Any CPU.ActiveCfg = Release|Any CPU
		{04580A1C-96A9-4007-ACC6-CBAE39777D9D}.Release|Any CPU.Build.0 = Release|Any CPU
		{04580A1C-96A9-4007-ACC6-CBAE39777D9D}.Release|Mixed Platforms.ActiveCfg = Release|Any CPU
		{04580A1C-96A9-4007-ACC6-CBAE39777D9D}.Release|Mixed Platforms.Build.0 = Release|Any CPU
		{04580A1C-96A9-4007-ACC6-CBAE39777D9D}.Release|x86.ActiveCfg = Release|Any CPU
		{C9C09CF5-D986-4F12-945B-FD665A252791}.Debug|Any CPU.ActiveCfg = Debug|Any CPU
		{C9C09CF5-D986-4F12-945B-FD665A252791}.Debug|Any CPU.Build.0 = Debug|Any CPU
		{C9C09CF5-D986-4F12-945B-FD665A252791}.Debug|Mixed Platforms.ActiveCfg = Debug|Any CPU
		{C9C09CF5-D986-4F12-945B-FD665A252791}.Debug|Mixed Platforms.Build.0 = Debug|Any CPU
		{C9C09CF5-D986-4F12-945B-FD665A252791}.Debug|x86.ActiveCfg = Debug|Any CPU
		{C9C09CF5-D986-4F12-945B-FD665A252791}.Release|Any CPU.ActiveCfg = Release|Any CPU
		{C9C09CF5-D986-4F12-945B-FD665A252791}.Release|Any CPU.Build.0 = Release|Any CPU
		{C9C09CF5-D986-4F12-945B-FD665A252791}.Release|Mixed Platforms.ActiveCfg = Release|Any CPU
		{C9C09CF5-D986-4F12-945B-FD665A252791}.Release|Mixed Platforms.Build.0 = Release|Any CPU
		{C9C09CF5-D986-4F12-945B-FD665A252791}.Release|x86.ActiveCfg = Release|Any CPU
	EndGlobalSection
	GlobalSection(SolutionProperties) = preSolution
		HideSolutionNode = FALSE
	EndGlobalSection
EndGlobal
